// !$*UTF8*$!
{
	archiveVersion = 1;
	classes = {
	};
	objectVersion = 50;
	objects = {

/* Begin PBXBuildFile section */
		A79207C820E1566800DA5306 /* AppDelegate.swift in Sources */ = {isa = PBXBuildFile; fileRef = A79207C720E1566800DA5306 /* AppDelegate.swift */; };
		A79207CA20E1566800DA5306 /* ViewController.swift in Sources */ = {isa = PBXBuildFile; fileRef = A79207C920E1566800DA5306 /* ViewController.swift */; };
		A79207CD20E1566800DA5306 /* Main.storyboard in Resources */ = {isa = PBXBuildFile; fileRef = A79207CB20E1566800DA5306 /* Main.storyboard */; };
		A79207CF20E1566900DA5306 /* Assets.xcassets in Resources */ = {isa = PBXBuildFile; fileRef = A79207CE20E1566900DA5306 /* Assets.xcassets */; };
		A79207D220E1566900DA5306 /* LaunchScreen.storyboard in Resources */ = {isa = PBXBuildFile; fileRef = A79207D020E1566900DA5306 /* LaunchScreen.storyboard */; };
		A79207DD20E1566900DA5306 /* SimpleCalculator2Tests.swift in Sources */ = {isa = PBXBuildFile; fileRef = A79207DC20E1566900DA5306 /* SimpleCalculator2Tests.swift */; };
		A79207E820E1566900DA5306 /* SimpleCalculator2UITests.swift in Sources */ = {isa = PBXBuildFile; fileRef = A79207E720E1566900DA5306 /* SimpleCalculator2UITests.swift */; };
/* End PBXBuildFile section */

/* Begin PBXContainerItemProxy section */
		A79207D920E1566900DA5306 /* PBXContainerItemProxy */ = {
			isa = PBXContainerItemProxy;
			containerPortal = A79207BC20E1566700DA5306 /* Project object */;
			proxyType = 1;
			remoteGlobalIDString = A79207C320E1566700DA5306;
			remoteInfo = SimpleCalculator2;
		};
		A79207E420E1566900DA5306 /* PBXContainerItemProxy */ = {
			isa = PBXContainerItemProxy;
			containerPortal = A79207BC20E1566700DA5306 /* Project object */;
			proxyType = 1;
			remoteGlobalIDString = A79207C320E1566700DA5306;
			remoteInfo = SimpleCalculator2;
		};
/* End PBXContainerItemProxy section */

/* Begin PBXFileReference section */
		A79207C420E1566700DA5306 /* SimpleCalculator2.app */ = {isa = PBXFileReference; explicitFileType = wrapper.application; includeInIndex = 0; path = SimpleCalculator2.app; sourceTree = BUILT_PRODUCTS_DIR; };
		A79207C720E1566800DA5306 /* AppDelegate.swift */ = {isa = PBXFileReference; lastKnownFileType = sourcecode.swift; path = AppDelegate.swift; sourceTree = "<group>"; };
		A79207C920E1566800DA5306 /* ViewController.swift */ = {isa = PBXFileReference; lastKnownFileType = sourcecode.swift; path = ViewController.swift; sourceTree = "<group>"; };
		A79207CC20E1566800DA5306 /* Base */ = {isa = PBXFileReference; lastKnownFileType = file.storyboard; name = Base; path = Base.lproj/Main.storyboard; sourceTree = "<group>"; };
		A79207CE20E1566900DA5306 /* Assets.xcassets */ = {isa = PBXFileReference; lastKnownFileType = folder.assetcatalog; path = Assets.xcassets; sourceTree = "<group>"; };
		A79207D120E1566900DA5306 /* Base */ = {isa = PBXFileReference; lastKnownFileType = file.storyboard; name = Base; path = Base.lproj/LaunchScreen.storyboard; sourceTree = "<group>"; };
		A79207D320E1566900DA5306 /* Info.plist */ = {isa = PBXFileReference; lastKnownFileType = text.plist.xml; path = Info.plist; sourceTree = "<group>"; };
		A79207D820E1566900DA5306 /* SimpleCalculator2Tests.xctest */ = {isa = PBXFileReference; explicitFileType = wrapper.cfbundle; includeInIndex = 0; path = SimpleCalculator2Tests.xctest; sourceTree = BUILT_PRODUCTS_DIR; };
		A79207DC20E1566900DA5306 /* SimpleCalculator2Tests.swift */ = {isa = PBXFileReference; lastKnownFileType = sourcecode.swift; path = SimpleCalculator2Tests.swift; sourceTree = "<group>"; };
		A79207DE20E1566900DA5306 /* Info.plist */ = {isa = PBXFileReference; lastKnownFileType = text.plist.xml; path = Info.plist; sourceTree = "<group>"; };
		A79207E320E1566900DA5306 /* SimpleCalculator2UITests.xctest */ = {isa = PBXFileReference; explicitFileType = wrapper.cfbundle; includeInIndex = 0; path = SimpleCalculator2UITests.xctest; sourceTree = BUILT_PRODUCTS_DIR; };
		A79207E720E1566900DA5306 /* SimpleCalculator2UITests.swift */ = {isa = PBXFileReference; lastKnownFileType = sourcecode.swift; path = SimpleCalculator2UITests.swift; sourceTree = "<group>"; };
		A79207E920E1566900DA5306 /* Info.plist */ = {isa = PBXFileReference; lastKnownFileType = text.plist.xml; path = Info.plist; sourceTree = "<group>"; };
/* End PBXFileReference section */

/* Begin PBXFrameworksBuildPhase section */
		A79207C120E1566700DA5306 /* Frameworks */ = {
			isa = PBXFrameworksBuildPhase;
			buildActionMask = 2147483647;
			files = (
			);
			runOnlyForDeploymentPostprocessing = 0;
		};
		A79207D520E1566900DA5306 /* Frameworks */ = {
			isa = PBXFrameworksBuildPhase;
			buildActionMask = 2147483647;
			files = (
			);
			runOnlyForDeploymentPostprocessing = 0;
		};
		A79207E020E1566900DA5306 /* Frameworks */ = {
			isa = PBXFrameworksBuildPhase;
			buildActionMask = 2147483647;
			files = (
			);
			runOnlyForDeploymentPostprocessing = 0;
		};
/* End PBXFrameworksBuildPhase section */

/* Begin PBXGroup section */
		A79207BB20E1566700DA5306 = {
			isa = PBXGroup;
			children = (
				A79207C620E1566700DA5306 /* SimpleCalculator2 */,
				A79207DB20E1566900DA5306 /* SimpleCalculator2Tests */,
				A79207E620E1566900DA5306 /* SimpleCalculator2UITests */,
				A79207C520E1566700DA5306 /* Products */,
			);
			sourceTree = "<group>";
		};
		A79207C520E1566700DA5306 /* Products */ = {
			isa = PBXGroup;
			children = (
				A79207C420E1566700DA5306 /* SimpleCalculator2.app */,
				A79207D820E1566900DA5306 /* SimpleCalculator2Tests.xctest */,
				A79207E320E1566900DA5306 /* SimpleCalculator2UITests.xctest */,
			);
			name = Products;
			sourceTree = "<group>";
		};
		A79207C620E1566700DA5306 /* SimpleCalculator2 */ = {
			isa = PBXGroup;
			children = (
				A79207C720E1566800DA5306 /* AppDelegate.swift */,
				A79207C920E1566800DA5306 /* ViewController.swift */,
				A79207CB20E1566800DA5306 /* Main.storyboard */,
				A79207CE20E1566900DA5306 /* Assets.xcassets */,
				A79207D020E1566900DA5306 /* LaunchScreen.storyboard */,
				A79207D320E1566900DA5306 /* Info.plist */,
			);
			path = SimpleCalculator2;
			sourceTree = "<group>";
		};
		A79207DB20E1566900DA5306 /* SimpleCalculator2Tests */ = {
			isa = PBXGroup;
			children = (
				A79207DC20E1566900DA5306 /* SimpleCalculator2Tests.swift */,
				A79207DE20E1566900DA5306 /* Info.plist */,
			);
			path = SimpleCalculator2Tests;
			sourceTree = "<group>";
		};
		A79207E620E1566900DA5306 /* SimpleCalculator2UITests */ = {
			isa = PBXGroup;
			children = (
				A79207E720E1566900DA5306 /* SimpleCalculator2UITests.swift */,
				A79207E920E1566900DA5306 /* Info.plist */,
			);
			path = SimpleCalculator2UITests;
			sourceTree = "<group>";
		};
/* End PBXGroup section */

/* Begin PBXNativeTarget section */
		A79207C320E1566700DA5306 /* SimpleCalculator2 */ = {
			isa = PBXNativeTarget;
			buildConfigurationList = A79207EC20E1566900DA5306 /* Build configuration list for PBXNativeTarget "SimpleCalculator2" */;
			buildPhases = (
				A79207C020E1566700DA5306 /* Sources */,
				A79207C120E1566700DA5306 /* Frameworks */,
				A79207C220E1566700DA5306 /* Resources */,
			);
			buildRules = (
			);
			dependencies = (
			);
			name = SimpleCalculator2;
			productName = SimpleCalculator2;
			productReference = A79207C420E1566700DA5306 /* SimpleCalculator2.app */;
			productType = "com.apple.product-type.application";
		};
		A79207D720E1566900DA5306 /* SimpleCalculator2Tests */ = {
			isa = PBXNativeTarget;
			buildConfigurationList = A79207EF20E1566900DA5306 /* Build configuration list for PBXNativeTarget "SimpleCalculator2Tests" */;
			buildPhases = (
				A79207D420E1566900DA5306 /* Sources */,
				A79207D520E1566900DA5306 /* Frameworks */,
				A79207D620E1566900DA5306 /* Resources */,
			);
			buildRules = (
			);
			dependencies = (
				A79207DA20E1566900DA5306 /* PBXTargetDependency */,
			);
			name = SimpleCalculator2Tests;
			productName = SimpleCalculator2Tests;
			productReference = A79207D820E1566900DA5306 /* SimpleCalculator2Tests.xctest */;
			productType = "com.apple.product-type.bundle.unit-test";
		};
		A79207E220E1566900DA5306 /* SimpleCalculator2UITests */ = {
			isa = PBXNativeTarget;
			buildConfigurationList = A79207F220E1566900DA5306 /* Build configuration list for PBXNativeTarget "SimpleCalculator2UITests" */;
			buildPhases = (
				A79207DF20E1566900DA5306 /* Sources */,
				A79207E020E1566900DA5306 /* Frameworks */,
				A79207E120E1566900DA5306 /* Resources */,
			);
			buildRules = (
			);
			dependencies = (
				A79207E520E1566900DA5306 /* PBXTargetDependency */,
			);
			name = SimpleCalculator2UITests;
			productName = SimpleCalculator2UITests;
			productReference = A79207E320E1566900DA5306 /* SimpleCalculator2UITests.xctest */;
			productType = "com.apple.product-type.bundle.ui-testing";
		};
/* End PBXNativeTarget section */

/* Begin PBXProject section */
		A79207BC20E1566700DA5306 /* Project object */ = {
			isa = PBXProject;
			attributes = {
				LastSwiftUpdateCheck = 0940;
				LastUpgradeCheck = 0940;
				ORGANIZATIONNAME = "Connie Forth";
				TargetAttributes = {
					A79207C320E1566700DA5306 = {
						CreatedOnToolsVersion = 9.4.1;
					};
					A79207D720E1566900DA5306 = {
						CreatedOnToolsVersion = 9.4.1;
						TestTargetID = A79207C320E1566700DA5306;
					};
					A79207E220E1566900DA5306 = {
						CreatedOnToolsVersion = 9.4.1;
						TestTargetID = A79207C320E1566700DA5306;
					};
				};
			};
			buildConfigurationList = A79207BF20E1566700DA5306 /* Build configuration list for PBXProject "SimpleCalculator2" */;
			compatibilityVersion = "Xcode 9.3";
			developmentRegion = en;
			hasScannedForEncodings = 0;
			knownRegions = (
				en,
				Base,
			);
			mainGroup = A79207BB20E1566700DA5306;
			productRefGroup = A79207C520E1566700DA5306 /* Products */;
			projectDirPath = "";
			projectRoot = "";
			targets = (
				A79207C320E1566700DA5306 /* SimpleCalculator2 */,
				A79207D720E1566900DA5306 /* SimpleCalculator2Tests */,
				A79207E220E1566900DA5306 /* SimpleCalculator2UITests */,
			);
		};
/* End PBXProject section */

/* Begin PBXResourcesBuildPhase section */
		A79207C220E1566700DA5306 /* Resources */ = {
			isa = PBXResourcesBuildPhase;
			buildActionMask = 2147483647;
			files = (
				A79207D220E1566900DA5306 /* LaunchScreen.storyboard in Resources */,
				A79207CF20E1566900DA5306 /* Assets.xcassets in Resources */,
				A79207CD20E1566800DA5306 /* Main.storyboard in Resources */,
			);
			runOnlyForDeploymentPostprocessing = 0;
		};
		A79207D620E1566900DA5306 /* Resources */ = {
			isa = PBXResourcesBuildPhase;
			buildActionMask = 2147483647;
			files = (
			);
			runOnlyForDeploymentPostprocessing = 0;
		};
		A79207E120E1566900DA5306 /* Resources */ = {
			isa = PBXResourcesBuildPhase;
			buildActionMask = 2147483647;
			files = (
			);
			runOnlyForDeploymentPostprocessing = 0;
		};
/* End PBXResourcesBuildPhase section */

/* Begin PBXSourcesBuildPhase section */
		A79207C020E1566700DA5306 /* Sources */ = {
			isa = PBXSourcesBuildPhase;
			buildActionMask = 2147483647;
			files = (
				A79207CA20E1566800DA5306 /* ViewController.swift in Sources */,
				A79207C820E1566800DA5306 /* AppDelegate.swift in Sources */,
			);
			runOnlyForDeploymentPostprocessing = 0;
		};
		A79207D420E1566900DA5306 /* Sources */ = {
			isa = PBXSourcesBuildPhase;
			buildActionMask = 2147483647;
			files = (
				A79207DD20E1566900DA5306 /* SimpleCalculator2Tests.swift in Sources */,
			);
			runOnlyForDeploymentPostprocessing = 0;
		};
		A79207DF20E1566900DA5306 /* Sources */ = {
			isa = PBXSourcesBuildPhase;
			buildActionMask = 2147483647;
			files = (
				A79207E820E1566900DA5306 /* SimpleCalculator2UITests.swift in Sources */,
			);
			runOnlyForDeploymentPostprocessing = 0;
		};
/* End PBXSourcesBuildPhase section */

/* Begin PBXTargetDependency section */
		A79207DA20E1566900DA5306 /* PBXTargetDependency */ = {
			isa = PBXTargetDependency;
			target = A79207C320E1566700DA5306 /* SimpleCalculator2 */;
			targetProxy = A79207D920E1566900DA5306 /* PBXContainerItemProxy */;
		};
		A79207E520E1566900DA5306 /* PBXTargetDependency */ = {
			isa = PBXTargetDependency;
			target = A79207C320E1566700DA5306 /* SimpleCalculator2 */;
			targetProxy = A79207E420E1566900DA5306 /* PBXContainerItemProxy */;
		};
/* End PBXTargetDependency section */

/* Begin PBXVariantGroup section */
		A79207CB20E1566800DA5306 /* Main.storyboard */ = {
			isa = PBXVariantGroup;
			children = (
				A79207CC20E1566800DA5306 /* Base */,
			);
			name = Main.storyboard;
			sourceTree = "<group>";
		};
		A79207D020E1566900DA5306 /* LaunchScreen.storyboard */ = {
			isa = PBXVariantGroup;
			children = (
				A79207D120E1566900DA5306 /* Base */,
			);
			name = LaunchScreen.storyboard;
			sourceTree = "<group>";
		};
/* End PBXVariantGroup section */

/* Begin XCBuildConfiguration section */
		A79207EA20E1566900DA5306 /* Debug */ = {
			isa = XCBuildConfiguration;
			buildSettings = {
				ALWAYS_SEARCH_USER_PATHS = NO;
				CLANG_ANALYZER_NONNULL = YES;
				CLANG_ANALYZER_NUMBER_OBJECT_CONVERSION = YES_AGGRESSIVE;
				CLANG_CXX_LANGUAGE_STANDARD = "gnu++14";
				CLANG_CXX_LIBRARY = "libc++";
				CLANG_ENABLE_MODULES = YES;
				CLANG_ENABLE_OBJC_ARC = YES;
				CLANG_ENABLE_OBJC_WEAK = YES;
				CLANG_WARN_BLOCK_CAPTURE_AUTORELEASING = YES;
				CLANG_WARN_BOOL_CONVERSION = YES;
				CLANG_WARN_COMMA = YES;
				CLANG_WARN_CONSTANT_CONVERSION = YES;
				CLANG_WARN_DEPRECATED_OBJC_IMPLEMENTATIONS = YES;
				CLANG_WARN_DIRECT_OBJC_ISA_USAGE = YES_ERROR;
				CLANG_WARN_DOCUMENTATION_COMMENTS = YES;
				CLANG_WARN_EMPTY_BODY = YES;
				CLANG_WARN_ENUM_CONVERSION = YES;
				CLANG_WARN_INFINITE_RECURSION = YES;
				CLANG_WARN_INT_CONVERSION = YES;
				CLANG_WARN_NON_LITERAL_NULL_CONVERSION = YES;
				CLANG_WARN_OBJC_IMPLICIT_RETAIN_SELF = YES;
				CLANG_WARN_OBJC_LITERAL_CONVERSION = YES;
				CLANG_WARN_OBJC_ROOT_CLASS = YES_ERROR;
				CLANG_WARN_RANGE_LOOP_ANALYSIS = YES;
				CLANG_WARN_STRICT_PROTOTYPES = YES;
				CLANG_WARN_SUSPICIOUS_MOVE = YES;
				CLANG_WARN_UNGUARDED_AVAILABILITY = YES_AGGRESSIVE;
				CLANG_WARN_UNREACHABLE_CODE = YES;
				CLANG_WARN__DUPLICATE_METHOD_MATCH = YES;
				CODE_SIGN_IDENTITY = "iPhone Developer";
				COPY_PHASE_STRIP = NO;
				DEBUG_INFORMATION_FORMAT = dwarf;
				ENABLE_STRICT_OBJC_MSGSEND = YES;
				ENABLE_TESTABILITY = YES;
				GCC_C_LANGUAGE_STANDARD = gnu11;
				GCC_DYNAMIC_NO_PIC = NO;
				GCC_NO_COMMON_BLOCKS = YES;
				GCC_OPTIMIZATION_LEVEL = 0;
				GCC_PREPROCESSOR_DEFINITIONS = (
					"DEBUG=1",
					"$(inherited)",
				);
				GCC_WARN_64_TO_32_BIT_CONVERSION = YES;
				GCC_WARN_ABOUT_RETURN_TYPE = YES_ERROR;
				GCC_WARN_UNDECLARED_SELECTOR = YES;
				GCC_WARN_UNINITIALIZED_AUTOS = YES_AGGRESSIVE;
				GCC_WARN_UNUSED_FUNCTION = YES;
				GCC_WARN_UNUSED_VARIABLE = YES;
				IPHONEOS_DEPLOYMENT_TARGET = 11.4;
				MTL_ENABLE_DEBUG_INFO = YES;
				ONLY_ACTIVE_ARCH = YES;
				SDKROOT = iphoneos;
				SWIFT_ACTIVE_COMPILATION_CONDITIONS = DEBUG;
				SWIFT_OPTIMIZATION_LEVEL = "-Onone";
			};
			name = Debug;
		};
		A79207EB20E1566900DA5306 /* Release */ = {
			isa = XCBuildConfiguration;
			buildSettings = {
				ALWAYS_SEARCH_USER_PATHS = NO;
				CLANG_ANALYZER_NONNULL = YES;
				CLANG_ANALYZER_NUMBER_OBJECT_CONVERSION = YES_AGGRESSIVE;
				CLANG_CXX_LANGUAGE_STANDARD = "gnu++14";
				CLANG_CXX_LIBRARY = "libc++";
				CLANG_ENABLE_MODULES = YES;
				CLANG_ENABLE_OBJC_ARC = YES;
				CLANG_ENABLE_OBJC_WEAK = YES;
				CLANG_WARN_BLOCK_CAPTURE_AUTORELEASING = YES;
				CLANG_WARN_BOOL_CONVERSION = YES;
				CLANG_WARN_COMMA = YES;
				CLANG_WARN_CONSTANT_CONVERSION = YES;
				CLANG_WARN_DEPRECATED_OBJC_IMPLEMENTATIONS = YES;
				CLANG_WARN_DIRECT_OBJC_ISA_USAGE = YES_ERROR;
				CLANG_WARN_DOCUMENTATION_COMMENTS = YES;
				CLANG_WARN_EMPTY_BODY = YES;
				CLANG_WARN_ENUM_CONVERSION = YES;
				CLANG_WARN_INFINITE_RECURSION = YES;
				CLANG_WARN_INT_CONVERSION = YES;
				CLANG_WARN_NON_LITERAL_NULL_CONVERSION = YES;
				CLANG_WARN_OBJC_IMPLICIT_RETAIN_SELF = YES;
				CLANG_WARN_OBJC_LITERAL_CONVERSION = YES;
				CLANG_WARN_OBJC_ROOT_CLASS = YES_ERROR;
				CLANG_WARN_RANGE_LOOP_ANALYSIS = YES;
				CLANG_WARN_STRICT_PROTOTYPES = YES;
				CLANG_WARN_SUSPICIOUS_MOVE = YES;
				CLANG_WARN_UNGUARDED_AVAILABILITY = YES_AGGRESSIVE;
				CLANG_WARN_UNREACHABLE_CODE = YES;
				CLANG_WARN__DUPLICATE_METHOD_MATCH = YES;
				CODE_SIGN_IDENTITY = "iPhone Developer";
				COPY_PHASE_STRIP = NO;
				DEBUG_INFORMATION_FORMAT = "dwarf-with-dsym";
				ENABLE_NS_ASSERTIONS = NO;
				ENABLE_STRICT_OBJC_MSGSEND = YES;
				GCC_C_LANGUAGE_STANDARD = gnu11;
				GCC_NO_COMMON_BLOCKS = YES;
				GCC_WARN_64_TO_32_BIT_CONVERSION = YES;
				GCC_WARN_ABOUT_RETURN_TYPE = YES_ERROR;
				GCC_WARN_UNDECLARED_SELECTOR = YES;
				GCC_WARN_UNINITIALIZED_AUTOS = YES_AGGRESSIVE;
				GCC_WARN_UNUSED_FUNCTION = YES;
				GCC_WARN_UNUSED_VARIABLE = YES;
				IPHONEOS_DEPLOYMENT_TARGET = 11.4;
				MTL_ENABLE_DEBUG_INFO = NO;
				SDKROOT = iphoneos;
				SWIFT_COMPILATION_MODE = wholemodule;
				SWIFT_OPTIMIZATION_LEVEL = "-O";
				VALIDATE_PRODUCT = YES;
			};
			name = Release;
		};
		A79207ED20E1566900DA5306 /* Debug */ = {
			isa = XCBuildConfiguration;
			buildSettings = {
				ASSETCATALOG_COMPILER_APPICON_NAME = AppIcon;
				CODE_SIGN_STYLE = Automatic;
				INFOPLIST_FILE = SimpleCalculator2/Info.plist;
				LD_RUNPATH_SEARCH_PATHS = (
					"$(inherited)",
					"@executable_path/Frameworks",
				);
				PRODUCT_BUNDLE_IDENTIFIER = SimpleCalucaltor.SimpleCalculator2;
				PRODUCT_NAME = "$(TARGET_NAME)";
				SWIFT_VERSION = 4.0;
				TARGETED_DEVICE_FAMILY = "1,2";
			};
			name = Debug;
		};
		A79207EE20E1566900DA5306 /* Release */ = {
			isa = XCBuildConfiguration;
			buildSettings = {
				ASSETCATALOG_COMPILER_APPICON_NAME = AppIcon;
				CODE_SIGN_STYLE = Automatic;
				INFOPLIST_FILE = SimpleCalculator2/Info.plist;
				LD_RUNPATH_SEARCH_PATHS = (
					"$(inherited)",
					"@executable_path/Frameworks",
				);
				PRODUCT_BUNDLE_IDENTIFIER = SimpleCalucaltor.SimpleCalculator2;
				PRODUCT_NAME = "$(TARGET_NAME)";
				SWIFT_VERSION = 4.0;
				TARGETED_DEVICE_FAMILY = "1,2";
			};
			name = Release;
		};
		A79207F020E1566900DA5306 /* Debug */ = {
			isa = XCBuildConfiguration;
			buildSettings = {
				ALWAYS_EMBED_SWIFT_STANDARD_LIBRARIES = YES;
				BUNDLE_LOADER = "$(TEST_HOST)";
				CODE_SIGN_STYLE = Automatic;
				INFOPLIST_FILE = SimpleCalculator2Tests/Info.plist;
				LD_RUNPATH_SEARCH_PATHS = (
					"$(inherited)",
					"@executable_path/Frameworks",
					"@loader_path/Frameworks",
				);
				PRODUCT_BUNDLE_IDENTIFIER = SimpleCalucaltor.SimpleCalculator2Tests;
				PRODUCT_NAME = "$(TARGET_NAME)";
				SWIFT_VERSION = 4.0;
				TARGETED_DEVICE_FAMILY = "1,2";
				TEST_HOST = "$(BUILT_PRODUCTS_DIR)/SimpleCalculator2.app/SimpleCalculator2";
			};
			name = Debug;
		};
		A79207F120E1566900DA5306 /* Release */ = {
			isa = XCBuildConfiguration;
			buildSettings = {
				ALWAYS_EMBED_SWIFT_STANDARD_LIBRARIES = YES;
				BUNDLE_LOADER = "$(TEST_HOST)";
				CODE_SIGN_STYLE = Automatic;
				INFOPLIST_FILE = SimpleCalculator2Tests/Info.plist;
				LD_RUNPATH_SEARCH_PATHS = (
					"$(inherited)",
					"@executable_path/Frameworks",
					"@loader_path/Frameworks",
				);
				PRODUCT_BUNDLE_IDENTIFIER = SimpleCalucaltor.SimpleCalculator2Tests;
				PRODUCT_NAME = "$(TARGET_NAME)";
				SWIFT_VERSION = 4.0;
				TARGETED_DEVICE_FAMILY = "1,2";
				TEST_HOST = "$(BUILT_PRODUCTS_DIR)/SimpleCalculator2.app/SimpleCalculator2";
			};
			name = Release;
		};
		A79207F320E1566900DA5306 /* Debug */ = {
			isa = XCBuildConfiguration;
			buildSettings = {
				ALWAYS_EMBED_SWIFT_STANDARD_LIBRARIES = YES;
				CODE_SIGN_STYLE = Automatic;
				INFOPLIST_FILE = SimpleCalculator2UITests/Info.plist;
				LD_RUNPATH_SEARCH_PATHS = (
					"$(inherited)",
					"@executable_path/Frameworks",
					"@loader_path/Frameworks",
				);
				PRODUCT_BUNDLE_IDENTIFIER = SimpleCalucaltor.SimpleCalculator2UITests;
				PRODUCT_NAME = "$(TARGET_NAME)";
				SWIFT_VERSION = 4.0;
				TARGETED_DEVICE_FAMILY = "1,2";
				TEST_TARGET_NAME = SimpleCalculator2;
			};
			name = Debug;
		};
		A79207F420E1566900DA5306 /* Release */ = {
			isa = XCBuildConfiguration;
			buildSettings = {
				ALWAYS_EMBED_SWIFT_STANDARD_LIBRARIES = YES;
				CODE_SIGN_STYLE = Automatic;
				INFOPLIST_FILE = SimpleCalculator2UITests/Info.plist;
				LD_RUNPATH_SEARCH_PATHS = (
					"$(inherited)",
					"@executable_path/Frameworks",
					"@loader_path/Frameworks",
				);
				PRODUCT_BUNDLE_IDENTIFIER = SimpleCalucaltor.SimpleCalculator2UITests;
				PRODUCT_NAME = "$(TARGET_NAME)";
				SWIFT_VERSION = 4.0;
				TARGETED_DEVICE_FAMILY = "1,2";
				TEST_TARGET_NAME = SimpleCalculator2;
			};
			name = Release;
		};
/* End XCBuildConfiguration section */

/* Begin XCConfigurationList section */
		A79207BF20E1566700DA5306 /* Build configuration list for PBXProject "SimpleCalculator2" */ = {
			isa = XCConfigurationList;
			buildConfigurations = (
				A79207EA20E1566900DA5306 /* Debug */,
				A79207EB20E1566900DA5306 /* Release */,
			);
			defaultConfigurationIsVisible = 0;
			defaultConfigurationName = Release;
		};
		A79207EC20E1566900DA5306 /* Build configuration list for PBXNativeTarget "SimpleCalculator2" */ = {
			isa = XCConfigurationList;
			buildConfigurations = (
				A79207ED20E1566900DA5306 /* Debug */,
				A79207EE20E1566900DA5306 /* Release */,
			);
			defaultConfigurationIsVisible = 0;
			defaultConfigurationName = Release;
		};
		A79207EF20E1566900DA5306 /* Build configuration list for PBXNativeTarget "SimpleCalculator2Tests" */ = {
			isa = XCConfigurationList;
			buildConfigurations = (
				A79207F020E1566900DA5306 /* Debug */,
				A79207F120E1566900DA5306 /* Release */,
			);
			defaultConfigurationIsVisible = 0;
			defaultConfigurationName = Release;
		};
		A79207F220E1566900DA5306 /* Build configuration list for PBXNativeTarget "SimpleCalculator2UITests" */ = {
			isa = XCConfigurationList;
			buildConfigurations = (
				A79207F320E1566900DA5306 /* Debug */,
				A79207F420E1566900DA5306 /* Release */,
			);
			defaultConfigurationIsVisible = 0;
			defaultConfigurationName = Release;
		};
/* End XCConfigurationList section */
	};
	rootObject = A79207BC20E1566700DA5306 /* Project object */;
}
